
Microsoft Visual Studio Solution File, Format Version 12.00
# Visual Studio Version 17
VisualStudioVersion = 17.12.35527.113
MinimumVisualStudioVersion = 10.0.40219.1
Project("{9A19103F-16F7-4668-BE54-9A1E7A4F7556}") = "WalletTestProjectBusinessBoom.Сore", "WalletTestProjectBusinessBoom.Сore\WalletTestProjectBusinessBoom.Сore.csproj", "{E6C34219-C20C-45D1-883B-EDECF5271B18}"
EndProject
Project("{9A19103F-16F7-4668-BE54-9A1E7A4F7556}") = "WalletTestProjectBusinessBoom.DAL", "WalletTestProjectBusinessBoom.DAL\WalletTestProjectBusinessBoom.DAL.csproj", "{BED8B54B-08F2-456B-8BF8-FEBF6613A82A}"
EndProject
Project("{9A19103F-16F7-4668-BE54-9A1E7A4F7556}") = "WalletTestProjectBusinessBoom.BAL", "WalletTestProjectBusinessBoom.BAL\WalletTestProjectBusinessBoom.BAL.csproj", "{BB017603-A3A4-4734-949B-A6A6A5A71644}"
EndProject
Project("{9A19103F-16F7-4668-BE54-9A1E7A4F7556}") = "WalletTestProjectBusinessBoom.API", "WalletTestProjectBusinessBoom.API\WalletTestProjectBusinessBoom.API.csproj", "{DC0B395F-D2F6-4A86-B8F3-994B5BEABBC6}"
EndProject
Project("{2150E333-8FDC-42A3-9474-1A3956D46DE8}") = "Solution Items", "Solution Items", "{9DA92D10-00FC-4B1A-8EC4-6CBEFDD292AB}"
	ProjectSection(SolutionItems) = preProject
		.editorconfig = .editorconfig
	EndProjectSection
EndProject
Project("{FAE04EC0-301F-11D3-BF4B-00C04F79EFBC}") = "WalletTestProjectBusinessBoom.TEST", "WalletTestProjectBusinessBoom.TEST\WalletTestProjectBusinessBoom.TEST.csproj", "{48F695C2-2E45-46EF-ABE4-A7033C9D936A}"
EndProject
Project("{E53339B2-1760-4266-BCC7-CA923CBCF16C}") = "docker-compose", "docker-compose.dcproj", "{FA12FB27-E81B-413C-8956-F315E0EB1EF1}"
EndProject
Global
	GlobalSection(SolutionConfigurationPlatforms) = preSolution
		Debug|Any CPU = Debug|Any CPU
		Release|Any CPU = Release|Any CPU
	EndGlobalSection
	GlobalSection(ProjectConfigurationPlatforms) = postSolution
		{E6C34219-C20C-45D1-883B-EDECF5271B18}.Debug|Any CPU.ActiveCfg = Debug|Any CPU
		{E6C34219-C20C-45D1-883B-EDECF5271B18}.Debug|Any CPU.Build.0 = Debug|Any CPU
		{E6C34219-C20C-45D1-883B-EDECF5271B18}.Release|Any CPU.ActiveCfg = Release|Any CPU
		{E6C34219-C20C-45D1-883B-EDECF5271B18}.Release|Any CPU.Build.0 = Release|Any CPU
		{BED8B54B-08F2-456B-8BF8-FEBF6613A82A}.Debug|Any CPU.ActiveCfg = Debug|Any CPU
		{BED8B54B-08F2-456B-8BF8-FEBF6613A82A}.Debug|Any CPU.Build.0 = Debug|Any CPU
		{BED8B54B-08F2-456B-8BF8-FEBF6613A82A}.Release|Any CPU.ActiveCfg = Release|Any CPU
		{BED8B54B-08F2-456B-8BF8-FEBF6613A82A}.Release|Any CPU.Build.0 = Release|Any CPU
		{BB017603-A3A4-4734-949B-A6A6A5A71644}.Debug|Any CPU.ActiveCfg = Debug|Any CPU
		{BB017603-A3A4-4734-949B-A6A6A5A71644}.Debug|Any CPU.Build.0 = Debug|Any CPU
		{BB017603-A3A4-4734-949B-A6A6A5A71644}.Release|Any CPU.ActiveCfg = Release|Any CPU
		{BB017603-A3A4-4734-949B-A6A6A5A71644}.Release|Any CPU.Build.0 = Release|Any CPU
		{DC0B395F-D2F6-4A86-B8F3-994B5BEABBC6}.Debug|Any CPU.ActiveCfg = Debug|Any CPU
		{DC0B395F-D2F6-4A86-B8F3-994B5BEABBC6}.Debug|Any CPU.Build.0 = Debug|Any CPU
		{DC0B395F-D2F6-4A86-B8F3-994B5BEABBC6}.Release|Any CPU.ActiveCfg = Release|Any CPU
		{DC0B395F-D2F6-4A86-B8F3-994B5BEABBC6}.Release|Any CPU.Build.0 = Release|Any CPU
		{48F695C2-2E45-46EF-ABE4-A7033C9D936A}.Debug|Any CPU.ActiveCfg = Debug|Any CPU
		{48F695C2-2E45-46EF-ABE4-A7033C9D936A}.Debug|Any CPU.Build.0 = Debug|Any CPU
		{48F695C2-2E45-46EF-ABE4-A7033C9D936A}.Release|Any CPU.ActiveCfg = Release|Any CPU
		{48F695C2-2E45-46EF-ABE4-A7033C9D936A}.Release|Any CPU.Build.0 = Release|Any CPU
		{FA12FB27-E81B-413C-8956-F315E0EB1EF1}.Debug|Any CPU.ActiveCfg = Debug|Any CPU
		{FA12FB27-E81B-413C-8956-F315E0EB1EF1}.Debug|Any CPU.Build.0 = Debug|Any CPU
		{FA12FB27-E81B-413C-8956-F315E0EB1EF1}.Release|Any CPU.ActiveCfg = Release|Any CPU
		{FA12FB27-E81B-413C-8956-F315E0EB1EF1}.Release|Any CPU.Build.0 = Release|Any CPU
	EndGlobalSection
	GlobalSection(SolutionProperties) = preSolution
		HideSolutionNode = FALSE
	EndGlobalSection
	GlobalSection(ExtensibilityGlobals) = postSolution
		SolutionGuid = {7ABD0E65-1B5F-4E83-9B38-146C239118AC}
	EndGlobalSection
EndGlobal
